{
  "name": "wavs-prediction-market",
  "version": "1.0.0",
  "lockfileVersion": 2,
  "requires": true,
  "packages": {
    "": {
      "name": "wavs-prediction-market",
      "version": "1.0.0",
      "license": "MIT",
      "dependencies": {
        "@lay3rlabs/conditional-tokens-contracts": "github:lay3rlabs/conditional-tokens-contracts#v0.1.0",
        "@lay3rlabs/conditional-tokens-market-makers": "github:lay3rlabs/conditional-tokens-market-makers#v0.1.0",
        "@openzeppelin/contracts": "^5.2.0",
        "@wavs/solidity": "^0.3.0",
        "forge-std": "github:foundry-rs/forge-std#v1.9.6",
        "pngjs": "^7.0.0"
      }
    },
    "node_modules/@lay3rlabs/conditional-tokens-contracts": {
      "name": "conditional-tokens-contracts",
      "version": "0.1.0",
      "resolved": "git+ssh://git@github.com/lay3rlabs/conditional-tokens-contracts.git#6715d3685ac3d36056cd9eadf143ba86a66b4f2c",
      "license": "LGPL-3.0"
    },
    "node_modules/@lay3rlabs/conditional-tokens-market-makers": {
      "name": "conditional-tokens-market-makers",
      "version": "0.1.0",
      "resolved": "git+ssh://git@github.com/lay3rlabs/conditional-tokens-market-makers.git#1a4b3171c258ec6e7c56e1de271bd56a17dc3f91",
      "license": "LGPL-3.0"
    },
    "node_modules/@openzeppelin/contracts": {
      "version": "5.2.0",
      "resolved": "https://registry.npmjs.org/@openzeppelin/contracts/-/contracts-5.2.0.tgz",
      "integrity": "sha512-bxjNie5z89W1Ea0NZLZluFh8PrFNn9DH8DQlujEok2yjsOlraUPKID5p1Wk3qdNbf6XkQ1Os2RvfiHrrXLHWKA==",
      "license": "MIT"
    },
    "node_modules/@wavs/solidity": {
      "version": "0.3.0",
      "resolved": "https://registry.npmjs.org/@wavs/solidity/-/solidity-0.3.0.tgz",
      "integrity": "sha512-p8vdZv8faT1wuTKtpzccTz/VJxtBh/gnkLupk5BHI56s5rXwr35XMUgzLarMGdxb4tdUW3DKw2lOjVhd7A811A==",
      "license": "MIT"
    },
    "node_modules/forge-std": {
      "version": "1.9.6",
      "resolved": "git+ssh://git@github.com/foundry-rs/forge-std.git#3b20d60d14b343ee4f908cb8079495c07f5e8981",
      "license": "(Apache-2.0 OR MIT)"
    },
    "node_modules/pngjs": {
      "version": "7.0.0",
      "resolved": "https://registry.npmjs.org/pngjs/-/pngjs-7.0.0.tgz",
      "integrity": "sha512-LKWqWJRhstyYo9pGvgor/ivk2w94eSjE3RGVuzLGlr3NmD8bf7RcYGze1mNdEHRP6TRP6rMuDHk5t44hnTRyow==",
      "engines": {
        "node": ">=14.19.0"
      }
    }
  },
  "dependencies": {
    "@lay3rlabs/conditional-tokens-contracts": {
      "version": "git+ssh://git@github.com/lay3rlabs/conditional-tokens-contracts.git#6715d3685ac3d36056cd9eadf143ba86a66b4f2c",
      "from": "@lay3rlabs/conditional-tokens-contracts@github:lay3rlabs/conditional-tokens-contracts#v0.1.0"
    },
    "@lay3rlabs/conditional-tokens-market-makers": {
      "version": "git+ssh://git@github.com/lay3rlabs/conditional-tokens-market-makers.git#1a4b3171c258ec6e7c56e1de271bd56a17dc3f91",
      "from": "@lay3rlabs/conditional-tokens-market-makers@github:lay3rlabs/conditional-tokens-market-makers#v0.1.0"
    },
    "@openzeppelin/contracts": {
      "version": "5.2.0",
      "resolved": "https://registry.npmjs.org/@openzeppelin/contracts/-/contracts-5.2.0.tgz",
      "integrity": "sha512-bxjNie5z89W1Ea0NZLZluFh8PrFNn9DH8DQlujEok2yjsOlraUPKID5p1Wk3qdNbf6XkQ1Os2RvfiHrrXLHWKA=="
    },
    "@wavs/solidity": {
      "version": "0.3.0",
      "resolved": "https://registry.npmjs.org/@wavs/solidity/-/solidity-0.3.0.tgz",
      "integrity": "sha512-p8vdZv8faT1wuTKtpzccTz/VJxtBh/gnkLupk5BHI56s5rXwr35XMUgzLarMGdxb4tdUW3DKw2lOjVhd7A811A=="
    },
    "forge-std": {
      "version": "git+ssh://git@github.com/foundry-rs/forge-std.git#3b20d60d14b343ee4f908cb8079495c07f5e8981",
      "from": "forge-std@github:foundry-rs/forge-std#v1.9.6"
    },
    "pngjs": {
      "version": "7.0.0",
      "resolved": "https://registry.npmjs.org/pngjs/-/pngjs-7.0.0.tgz",
      "integrity": "sha512-LKWqWJRhstyYo9pGvgor/ivk2w94eSjE3RGVuzLGlr3NmD8bf7RcYGze1mNdEHRP6TRP6rMuDHk5t44hnTRyow=="
    }
  }
}
